
Microsoft Visual Studio Solution File, Format Version 12.00
# Visual Studio Version 16
VisualStudioVersion = 16.0.33027.164
MinimumVisualStudioVersion = 10.0.40219.1
Project("{FAE04EC0-301F-11D3-BF4B-00C04F79EFBC}") = "DoAnASPNET", "DoAnASPNET\DoAnASPNET.csproj", "{1B63B86B-8BB1-4A73-B264-B77154CA36A9}"
EndProject
Global
	GlobalSection(SolutionConfigurationPlatforms) = preSolution
		Debug|Any CPU = Debug|Any CPU
		Release|Any CPU = Release|Any CPU
	EndGlobalSection
	GlobalSection(ProjectConfigurationPlatforms) = postSolution
		{1B63B86B-8BB1-4A73-B264-B77154CA36A9}.Debug|Any CPU.ActiveCfg = Debug|Any CPU
		{1B63B86B-8BB1-4A73-B264-B77154CA36A9}.Debug|Any CPU.Build.0 = Debug|Any CPU
		{1B63B86B-8BB1-4A73-B264-B77154CA36A9}.Release|Any CPU.ActiveCfg = Release|Any CPU
		{1B63B86B-8BB1-4A73-B264-B77154CA36A9}.Release|Any CPU.Build.0 = Release|Any CPU
	EndGlobalSection
	GlobalSection(SolutionProperties) = preSolution
		HideSolutionNode = FALSE
	EndGlobalSection
	GlobalSection(ExtensibilityGlobals) = postSolution
		SolutionGuid = {1C7D17D9-E611-436D-9A4A-DB1CEF847D89}
	EndGlobalSection
EndGlobal
